lockfileVersion: '9.0'

settings:
  autoInstallPeers: true
  excludeLinksFromLockfile: false

importers:

  .:
    dependencies:
      mediasoup-client:
        specifier: ^3.16.7
        version: 3.16.7
      socket.io-client:
        specifier: ^4.8.1
        version: 4.8.1

packages:

  '@lukeed/csprng@1.1.0':
    resolution: {integrity: sha512-Z7C/xXCiGWsg0KuKsHTKJxbWhpI3Vs5GwLfOean7MGyVFGqdRgBbAjOCh6u4bbjPc/8MJ2pZmK/0DLdCbivLDA==}
    engines: {node: '>=8'}

  '@lukeed/uuid@2.0.1':
    resolution: {integrity: sha512-qC72D4+CDdjGqJvkFMMEAtancHUQ7/d/tAiHf64z8MopFDmcrtbcJuerDtFceuAfQJ2pDSfCKCtbqoGBNnwg0w==}
    engines: {node: '>=8'}

  '@socket.io/component-emitter@3.1.2':
    resolution: {integrity: sha512-9BCxFwvbGg/RsZK9tjXd8s4UcwR0MWeFQ1XEKIQVVvAGJyINdrqKMcTRyLoK8Rse1GjzLV9cwjWV1olXRWEXVA==}

  '@types/debug@4.1.12':
    resolution: {integrity: sha512-vIChWdVG3LG1SMxEvI/AK+FWJthlrqlTu7fbrlywTkkaONwk/UAGaULXRlf8vkzFBLVm0zkMdCquhL5aOjhXPQ==}

  '@types/events@3.0.3':
    resolution: {integrity: sha512-trOc4AAUThEz9hapPtSd7wf5tiQKvTtu5b371UxXdTuqzIh0ArcRspRP0i0Viu+LXstIQ1z96t1nsPxT9ol01g==}

  '@types/ms@2.1.0':
    resolution: {integrity: sha512-GsCCIZDE/p3i96vtEqx+7dBUGXrc7zeSK3wwPHIaRThS+9OhWIXRqzs4d6k1SVU8g91DrNRWxWUGhp5KXQb2VA==}

  awaitqueue@3.3.0:
    resolution: {integrity: sha512-zLxDhzQbzHmOyvxi7g3OlfR7jLrcmElStPxfLPpJkrFSDm71RSrY/MvsDA8Btlx8X1nOHUzGhQvc6bdUjL2f2w==}
    engines: {node: '>=20'}

  debug@4.3.7:
    resolution: {integrity: sha512-Er2nc/H7RrMXZBFCEim6TCmMk02Z8vLC2Rbi1KEBggpo0fS6l0S1nnapwmIi3yW/+GOJap1Krg4w0Hg80oCqgQ==}
    engines: {node: '>=6.0'}
    peerDependencies:
      supports-color: '*'
    peerDependenciesMeta:
      supports-color:
        optional: true

  debug@4.4.3:
    resolution: {integrity: sha512-RGwwWnwQvkVfavKVt22FGLw+xYSdzARwm0ru6DhTVA3umU5hZc28V3kO4stgYryrTlLpuvgI9GiijltAjNbcqA==}
    engines: {node: '>=6.0'}
    peerDependencies:
      supports-color: '*'
    peerDependenciesMeta:
      supports-color:
        optional: true

  engine.io-client@6.6.3:
    resolution: {integrity: sha512-T0iLjnyNWahNyv/lcjS2y4oE358tVS/SYQNxYXGAJ9/GLgH4VCvOQ/mhTjqU88mLZCQgiG8RIegFHYCdVC+j5w==}

  engine.io-parser@5.2.3:
    resolution: {integrity: sha512-HqD3yTBfnBxIrbnM1DoD6Pcq8NECnh8d4As1Qgh0z5Gg3jRRIqijury0CL3ghu/edArpUYiYqQiDUQBIs4np3Q==}
    engines: {node: '>=10.0.0'}

  events@3.3.0:
    resolution: {integrity: sha512-mQw+2fkQbALzQ7V0MY0IqdnXNOeTtP4r0lN9z7AAawCXgqea7bDii20AYrIBrFd/Hx0M2Ocz6S111CaFkUcb0Q==}
    engines: {node: '>=0.8.x'}

  fake-mediastreamtrack@2.2.1:
    resolution: {integrity: sha512-SITLc7UTDirSdgLGORrlmqjWLJtbtfIz/xO7DwVbJH3f0ds+NQok4ccl/WEzz49NSgiUlXf2wDW0+y5C+TO6EA==}
    engines: {node: '>=20'}

  h264-profile-level-id@2.3.1:
    resolution: {integrity: sha512-x2P85PdoRsjCQE7sZjmQQDEf61vTTxOSPNFyqevXaiiq6DzvLVnd0VBq/C7wplrYEqTXvMW5CLIDUMBekNN4Vw==}
    engines: {node: '>=20'}

  mediasoup-client@3.16.7:
    resolution: {integrity: sha512-MvuflyRMtdcR/+7Km18o4FdKfVb4GF5zdDFoIDx9dRtCH+K5jAU1n7LAs/Pl7ejIVC1BEWIalIH5Q31JdomtBQ==}
    engines: {node: '>=20'}

  ms@2.1.3:
    resolution: {integrity: sha512-6FlzubTLZG3J2a/NVCAleEhjzq5oxgHyaCU9yYXvcLsvoVaHJq/s5xXI6/XXP6tz7R9xAOtHnSO/tXtF3WRTlA==}

  sdp-transform@2.15.0:
    resolution: {integrity: sha512-KrOH82c/W+GYQ0LHqtr3caRpM3ITglq3ljGUIb8LTki7ByacJZ9z+piSGiwZDsRyhQbYBOBJgr2k6X4BZXi3Kw==}
    hasBin: true

  socket.io-client@4.8.1:
    resolution: {integrity: sha512-hJVXfu3E28NmzGk8o1sHhN3om52tRvwYeidbj7xKy2eIIse5IoKX3USlS6Tqt3BHAtflLIkCQBkzVrEEfWUyYQ==}
    engines: {node: '>=10.0.0'}

  socket.io-parser@4.2.4:
    resolution: {integrity: sha512-/GbIKmo8ioc+NIWIhwdecY0ge+qVBSMdgxGygevmdHj24bsfgtCmcUUcQ5ZzcylGFHsN3k4HB4Cgkl96KVnuew==}
    engines: {node: '>=10.0.0'}

  supports-color@10.2.2:
    resolution: {integrity: sha512-SS+jx45GF1QjgEXQx4NJZV9ImqmO2NPz5FNsIHrsDjh2YsHnawpan7SNQ1o8NuhrbHZy9AZhIoCUiCeaW/C80g==}
    engines: {node: '>=18'}

  ws@8.17.1:
    resolution: {integrity: sha512-6XQFvXTkbfUOZOKKILFG1PDK2NDQs4azKQl26T0YS5CxqWLgXajbPZ+h4gZekJyRqFU8pvnbAbbs/3TgRPy+GQ==}
    engines: {node: '>=10.0.0'}
    peerDependencies:
      bufferutil: ^4.0.1
      utf-8-validate: '>=5.0.2'
    peerDependenciesMeta:
      bufferutil:
        optional: true
      utf-8-validate:
        optional: true

  xmlhttprequest-ssl@2.1.2:
    resolution: {integrity: sha512-TEU+nJVUUnA4CYJFLvK5X9AOeH4KvDvhIfm0vV1GaQRtchnG0hgK5p8hw/xjv8cunWYCsiPCSDzObPyhEwq3KQ==}
    engines: {node: '>=0.4.0'}

snapshots:

  '@lukeed/csprng@1.1.0': {}

  '@lukeed/uuid@2.0.1':
    dependencies:
      '@lukeed/csprng': 1.1.0

  '@socket.io/component-emitter@3.1.2': {}

  '@types/debug@4.1.12':
    dependencies:
      '@types/ms': 2.1.0

  '@types/events@3.0.3': {}

  '@types/ms@2.1.0': {}

  awaitqueue@3.3.0(supports-color@10.2.2):
    dependencies:
      debug: 4.4.3(supports-color@10.2.2)
    transitivePeerDependencies:
      - supports-color

  debug@4.3.7:
    dependencies:
      ms: 2.1.3

  debug@4.4.3(supports-color@10.2.2):
    dependencies:
      ms: 2.1.3
    optionalDependencies:
      supports-color: 10.2.2

  engine.io-client@6.6.3:
    dependencies:
      '@socket.io/component-emitter': 3.1.2
      debug: 4.3.7
      engine.io-parser: 5.2.3
      ws: 8.17.1
      xmlhttprequest-ssl: 2.1.2
    transitivePeerDependencies:
      - bufferutil
      - supports-color
      - utf-8-validate

  engine.io-parser@5.2.3: {}

  events@3.3.0: {}

  fake-mediastreamtrack@2.2.1:
    dependencies:
      '@lukeed/uuid': 2.0.1

  h264-profile-level-id@2.3.1(supports-color@10.2.2):
    dependencies:
      debug: 4.4.3(supports-color@10.2.2)
    transitivePeerDependencies:
      - supports-color

  mediasoup-client@3.16.7:
    dependencies:
      '@types/debug': 4.1.12
      '@types/events-alias': '@types/events@3.0.3'
      awaitqueue: 3.3.0(supports-color@10.2.2)
      debug: 4.4.3(supports-color@10.2.2)
      events-alias: events@3.3.0
      fake-mediastreamtrack: 2.2.1
      h264-profile-level-id: 2.3.1(supports-color@10.2.2)
      sdp-transform: 2.15.0
      supports-color: 10.2.2

  ms@2.1.3: {}

  sdp-transform@2.15.0: {}

  socket.io-client@4.8.1:
    dependencies:
      '@socket.io/component-emitter': 3.1.2
      debug: 4.3.7
      engine.io-client: 6.6.3
      socket.io-parser: 4.2.4
    transitivePeerDependencies:
      - bufferutil
      - supports-color
      - utf-8-validate

  socket.io-parser@4.2.4:
    dependencies:
      '@socket.io/component-emitter': 3.1.2
      debug: 4.3.7
    transitivePeerDependencies:
      - supports-color

  supports-color@10.2.2: {}

  ws@8.17.1: {}

  xmlhttprequest-ssl@2.1.2: {}
